
Microsoft Visual Studio Solution File, Format Version 12.00
# Visual Studio Version 16
VisualStudioVersion = 16.0.30717.126
MinimumVisualStudioVersion = 10.0.40219.1
Project("{FAE04EC0-301F-11D3-BF4B-00C04F79EFBC}") = "Entities", "Entities\Entities.csproj", "{1A692A53-74E6-4FEC-96BB-2753D6AC1AB0}"
EndProject
Project("{FAE04EC0-301F-11D3-BF4B-00C04F79EFBC}") = "Infrastructure", "Infrastructure\Infrastructure.csproj", "{2C9DE613-2680-45D9-8B52-7D1779789C78}"
EndProject
Project("{FAE04EC0-301F-11D3-BF4B-00C04F79EFBC}") = "Domain", "Domain\Domain.csproj", "{236465BA-FA93-4DD1-8F74-A592F4B25046}"
EndProject
Project("{FAE04EC0-301F-11D3-BF4B-00C04F79EFBC}") = "AplicationApp", "AplicationApp\AplicationApp.csproj", "{236658CC-4CFC-4554-820D-380845995B28}"
EndProject
Project("{2150E333-8FDC-42A3-9474-1A3956D46DE8}") = "Ecommerce", "Ecommerce", "{BCF67C2B-8D3D-4E04-961E-9E85A2B2D769}"
EndProject
Global
	GlobalSection(SolutionConfigurationPlatforms) = preSolution
		Debug|Any CPU = Debug|Any CPU
		Release|Any CPU = Release|Any CPU
	EndGlobalSection
	GlobalSection(ProjectConfigurationPlatforms) = postSolution
		{1A692A53-74E6-4FEC-96BB-2753D6AC1AB0}.Debug|Any CPU.ActiveCfg = Debug|Any CPU
		{1A692A53-74E6-4FEC-96BB-2753D6AC1AB0}.Debug|Any CPU.Build.0 = Debug|Any CPU
		{1A692A53-74E6-4FEC-96BB-2753D6AC1AB0}.Release|Any CPU.ActiveCfg = Release|Any CPU
		{1A692A53-74E6-4FEC-96BB-2753D6AC1AB0}.Release|Any CPU.Build.0 = Release|Any CPU
		{2C9DE613-2680-45D9-8B52-7D1779789C78}.Debug|Any CPU.ActiveCfg = Debug|Any CPU
		{2C9DE613-2680-45D9-8B52-7D1779789C78}.Debug|Any CPU.Build.0 = Debug|Any CPU
		{2C9DE613-2680-45D9-8B52-7D1779789C78}.Release|Any CPU.ActiveCfg = Release|Any CPU
		{2C9DE613-2680-45D9-8B52-7D1779789C78}.Release|Any CPU.Build.0 = Release|Any CPU
		{236465BA-FA93-4DD1-8F74-A592F4B25046}.Debug|Any CPU.ActiveCfg = Debug|Any CPU
		{236465BA-FA93-4DD1-8F74-A592F4B25046}.Debug|Any CPU.Build.0 = Debug|Any CPU
		{236465BA-FA93-4DD1-8F74-A592F4B25046}.Release|Any CPU.ActiveCfg = Release|Any CPU
		{236465BA-FA93-4DD1-8F74-A592F4B25046}.Release|Any CPU.Build.0 = Release|Any CPU
		{236658CC-4CFC-4554-820D-380845995B28}.Debug|Any CPU.ActiveCfg = Debug|Any CPU
		{236658CC-4CFC-4554-820D-380845995B28}.Debug|Any CPU.Build.0 = Debug|Any CPU
		{236658CC-4CFC-4554-820D-380845995B28}.Release|Any CPU.ActiveCfg = Release|Any CPU
		{236658CC-4CFC-4554-820D-380845995B28}.Release|Any CPU.Build.0 = Release|Any CPU
	EndGlobalSection
	GlobalSection(SolutionProperties) = preSolution
		HideSolutionNode = FALSE
	EndGlobalSection
	GlobalSection(NestedProjects) = preSolution
		{1A692A53-74E6-4FEC-96BB-2753D6AC1AB0} = {BCF67C2B-8D3D-4E04-961E-9E85A2B2D769}
		{2C9DE613-2680-45D9-8B52-7D1779789C78} = {BCF67C2B-8D3D-4E04-961E-9E85A2B2D769}
		{236465BA-FA93-4DD1-8F74-A592F4B25046} = {BCF67C2B-8D3D-4E04-961E-9E85A2B2D769}
		{236658CC-4CFC-4554-820D-380845995B28} = {BCF67C2B-8D3D-4E04-961E-9E85A2B2D769}
	EndGlobalSection
	GlobalSection(ExtensibilityGlobals) = postSolution
		SolutionGuid = {7FFEB46A-3F60-4DDD-B8A7-8D40E030B204}
	EndGlobalSection
EndGlobal
